
Microsoft Visual Studio Solution File, Format Version 12.00
# Visual Studio 14
VisualStudioVersion = 14.0.23107.0
MinimumVisualStudioVersion = 10.0.40219.1
Project("{FAE04EC0-301F-11D3-BF4B-00C04F79EFBC}") = "BadgeKeeper", "BadgeKeeper.csproj", "{325EC0F9-5E21-4AEC-AB47-C03AF096E686}"
EndProject
Project("{2150E333-8FDC-42A3-9474-1A3956D46DE8}") = "BadgeKeeper.Sample", "BadgeKeeper.Sample", "{D8CED53A-A457-49DF-A734-CE54597BA0AF}"
EndProject
Project("{D954291E-2A0B-460D-934E-DC6B0785DB48}") = "BadgeKeeper.Sample.Shared", "..\BadgeKeeper.Sample\BadgeKeeper.Sample.Shared\BadgeKeeper.Sample.Shared.shproj", "{9E7C2754-AD6E-4B1B-BB9C-EDDC0DE1FE11}"
EndProject
Project("{FAE04EC0-301F-11D3-BF4B-00C04F79EFBC}") = "BadgeKeeper.Sample.Windows", "..\BadgeKeeper.Sample\BadgeKeeper.Sample.Windows\BadgeKeeper.Sample.Windows.csproj", "{431670D0-EA92-435A-86FE-BD0993AD0699}"
EndProject
Project("{FAE04EC0-301F-11D3-BF4B-00C04F79EFBC}") = "BadgeKeeper.Sample.WindowsPhone", "..\BadgeKeeper.Sample\BadgeKeeper.Sample.WindowsPhone\BadgeKeeper.Sample.WindowsPhone.csproj", "{536440BD-1B8D-405B-A60B-6C41883F206F}"
EndProject
Global
	GlobalSection(SharedMSBuildProjectFiles) = preSolution
		..\BadgeKeeper.Sample\BadgeKeeper.Sample.Shared\BadgeKeeper.Sample.Shared.projitems*{9e7c2754-ad6e-4b1b-bb9c-eddc0de1fe11}*SharedItemsImports = 13
		..\BadgeKeeper.Sample\BadgeKeeper.Sample.Shared\BadgeKeeper.Sample.Shared.projitems*{431670d0-ea92-435a-86fe-bd0993ad0699}*SharedItemsImports = 4
		..\BadgeKeeper.Sample\BadgeKeeper.Sample.Shared\BadgeKeeper.Sample.Shared.projitems*{536440bd-1b8d-405b-a60b-6c41883f206f}*SharedItemsImports = 4
	EndGlobalSection
	GlobalSection(SolutionConfigurationPlatforms) = preSolution
		Debug|Any CPU = Debug|Any CPU
		Debug|ARM = Debug|ARM
		Debug|x64 = Debug|x64
		Debug|x86 = Debug|x86
		Release|Any CPU = Release|Any CPU
		Release|ARM = Release|ARM
		Release|x64 = Release|x64
		Release|x86 = Release|x86
	EndGlobalSection
	GlobalSection(ProjectConfigurationPlatforms) = postSolution
		{325EC0F9-5E21-4AEC-AB47-C03AF096E686}.Debug|Any CPU.ActiveCfg = Debug|Any CPU
		{325EC0F9-5E21-4AEC-AB47-C03AF096E686}.Debug|Any CPU.Build.0 = Debug|Any CPU
		{325EC0F9-5E21-4AEC-AB47-C03AF096E686}.Debug|ARM.ActiveCfg = Debug|Any CPU
		{325EC0F9-5E21-4AEC-AB47-C03AF096E686}.Debug|ARM.Build.0 = Debug|Any CPU
		{325EC0F9-5E21-4AEC-AB47-C03AF096E686}.Debug|x64.ActiveCfg = Debug|Any CPU
		{325EC0F9-5E21-4AEC-AB47-C03AF096E686}.Debug|x64.Build.0 = Debug|Any CPU
		{325EC0F9-5E21-4AEC-AB47-C03AF096E686}.Debug|x86.ActiveCfg = Debug|Any CPU
		{325EC0F9-5E21-4AEC-AB47-C03AF096E686}.Debug|x86.Build.0 = Debug|Any CPU
		{325EC0F9-5E21-4AEC-AB47-C03AF096E686}.Release|Any CPU.ActiveCfg = Release|Any CPU
		{325EC0F9-5E21-4AEC-AB47-C03AF096E686}.Release|Any CPU.Build.0 = Release|Any CPU
		{325EC0F9-5E21-4AEC-AB47-C03AF096E686}.Release|ARM.ActiveCfg = Release|Any CPU
		{325EC0F9-5E21-4AEC-AB47-C03AF096E686}.Release|ARM.Build.0 = Release|Any CPU
		{325EC0F9-5E21-4AEC-AB47-C03AF096E686}.Release|x64.ActiveCfg = Release|Any CPU
		{325EC0F9-5E21-4AEC-AB47-C03AF096E686}.Release|x64.Build.0 = Release|Any CPU
		{325EC0F9-5E21-4AEC-AB47-C03AF096E686}.Release|x86.ActiveCfg = Release|Any CPU
		{325EC0F9-5E21-4AEC-AB47-C03AF096E686}.Release|x86.Build.0 = Release|Any CPU
		{431670D0-EA92-435A-86FE-BD0993AD0699}.Debug|Any CPU.ActiveCfg = Debug|Any CPU
		{431670D0-EA92-435A-86FE-BD0993AD0699}.Debug|Any CPU.Build.0 = Debug|Any CPU
		{431670D0-EA92-435A-86FE-BD0993AD0699}.Debug|Any CPU.Deploy.0 = Debug|Any CPU
		{431670D0-EA92-435A-86FE-BD0993AD0699}.Debug|ARM.ActiveCfg = Debug|ARM
		{431670D0-EA92-435A-86FE-BD0993AD0699}.Debug|ARM.Build.0 = Debug|ARM
		{431670D0-EA92-435A-86FE-BD0993AD0699}.Debug|ARM.Deploy.0 = Debug|ARM
		{431670D0-EA92-435A-86FE-BD0993AD0699}.Debug|x64.ActiveCfg = Debug|x64
		{431670D0-EA92-435A-86FE-BD0993AD0699}.Debug|x64.Build.0 = Debug|x64
		{431670D0-EA92-435A-86FE-BD0993AD0699}.Debug|x64.Deploy.0 = Debug|x64
		{431670D0-EA92-435A-86FE-BD0993AD0699}.Debug|x86.ActiveCfg = Debug|x86
		{431670D0-EA92-435A-86FE-BD0993AD0699}.Debug|x86.Build.0 = Debug|x86
		{431670D0-EA92-435A-86FE-BD0993AD0699}.Debug|x86.Deploy.0 = Debug|x86
		{431670D0-EA92-435A-86FE-BD0993AD0699}.Release|Any CPU.ActiveCfg = Release|Any CPU
		{431670D0-EA92-435A-86FE-BD0993AD0699}.Release|Any CPU.Build.0 = Release|Any CPU
		{431670D0-EA92-435A-86FE-BD0993AD0699}.Release|Any CPU.Deploy.0 = Release|Any CPU
		{431670D0-EA92-435A-86FE-BD0993AD0699}.Release|ARM.ActiveCfg = Release|ARM
		{431670D0-EA92-435A-86FE-BD0993AD0699}.Release|ARM.Build.0 = Release|ARM
		{431670D0-EA92-435A-86FE-BD0993AD0699}.Release|ARM.Deploy.0 = Release|ARM
		{431670D0-EA92-435A-86FE-BD0993AD0699}.Release|x64.ActiveCfg = Release|x64
		{431670D0-EA92-435A-86FE-BD0993AD0699}.Release|x64.Build.0 = Release|x64
		{431670D0-EA92-435A-86FE-BD0993AD0699}.Release|x64.Deploy.0 = Release|x64
		{431670D0-EA92-435A-86FE-BD0993AD0699}.Release|x86.ActiveCfg = Release|x86
		{431670D0-EA92-435A-86FE-BD0993AD0699}.Release|x86.Build.0 = Release|x86
		{431670D0-EA92-435A-86FE-BD0993AD0699}.Release|x86.Deploy.0 = Release|x86
		{536440BD-1B8D-405B-A60B-6C41883F206F}.Debug|Any CPU.ActiveCfg = Debug|Any CPU
		{536440BD-1B8D-405B-A60B-6C41883F206F}.Debug|Any CPU.Build.0 = Debug|Any CPU
		{536440BD-1B8D-405B-A60B-6C41883F206F}.Debug|Any CPU.Deploy.0 = Debug|Any CPU
		{536440BD-1B8D-405B-A60B-6C41883F206F}.Debug|ARM.ActiveCfg = Debug|ARM
		{536440BD-1B8D-405B-A60B-6C41883F206F}.Debug|ARM.Build.0 = Debug|ARM
		{536440BD-1B8D-405B-A60B-6C41883F206F}.Debug|ARM.Deploy.0 = Debug|ARM
		{536440BD-1B8D-405B-A60B-6C41883F206F}.Debug|x64.ActiveCfg = Debug|Any CPU
		{536440BD-1B8D-405B-A60B-6C41883F206F}.Debug|x64.Build.0 = Debug|Any CPU
		{536440BD-1B8D-405B-A60B-6C41883F206F}.Debug|x64.Deploy.0 = Debug|Any CPU
		{536440BD-1B8D-405B-A60B-6C41883F206F}.Debug|x86.ActiveCfg = Debug|x86
		{536440BD-1B8D-405B-A60B-6C41883F206F}.Debug|x86.Build.0 = Debug|x86
		{536440BD-1B8D-405B-A60B-6C41883F206F}.Debug|x86.Deploy.0 = Debug|x86
		{536440BD-1B8D-405B-A60B-6C41883F206F}.Release|Any CPU.ActiveCfg = Release|Any CPU
		{536440BD-1B8D-405B-A60B-6C41883F206F}.Release|Any CPU.Build.0 = Release|Any CPU
		{536440BD-1B8D-405B-A60B-6C41883F206F}.Release|Any CPU.Deploy.0 = Release|Any CPU
		{536440BD-1B8D-405B-A60B-6C41883F206F}.Release|ARM.ActiveCfg = Release|ARM
		{536440BD-1B8D-405B-A60B-6C41883F206F}.Release|ARM.Build.0 = Release|ARM
		{536440BD-1B8D-405B-A60B-6C41883F206F}.Release|ARM.Deploy.0 = Release|ARM
		{536440BD-1B8D-405B-A60B-6C41883F206F}.Release|x64.ActiveCfg = Release|Any CPU
		{536440BD-1B8D-405B-A60B-6C41883F206F}.Release|x64.Build.0 = Release|Any CPU
		{536440BD-1B8D-405B-A60B-6C41883F206F}.Release|x64.Deploy.0 = Release|Any CPU
		{536440BD-1B8D-405B-A60B-6C41883F206F}.Release|x86.ActiveCfg = Release|x86
		{536440BD-1B8D-405B-A60B-6C41883F206F}.Release|x86.Build.0 = Release|x86
		{536440BD-1B8D-405B-A60B-6C41883F206F}.Release|x86.Deploy.0 = Release|x86
	EndGlobalSection
	GlobalSection(SolutionProperties) = preSolution
		HideSolutionNode = FALSE
	EndGlobalSection
	GlobalSection(NestedProjects) = preSolution
		{9E7C2754-AD6E-4B1B-BB9C-EDDC0DE1FE11} = {D8CED53A-A457-49DF-A734-CE54597BA0AF}
		{431670D0-EA92-435A-86FE-BD0993AD0699} = {D8CED53A-A457-49DF-A734-CE54597BA0AF}
		{536440BD-1B8D-405B-A60B-6C41883F206F} = {D8CED53A-A457-49DF-A734-CE54597BA0AF}
	EndGlobalSection
EndGlobal
